
Microsoft Visual Studio Solution File, Format Version 12.00
# Visual Studio Version 16
VisualStudioVersion = 16.0.31702.278
MinimumVisualStudioVersion = 10.0.40219.1
Project("{FAE04EC0-301F-11D3-BF4B-00C04F79EFBC}") = "CICDForms", "CICDForms\CICDForms.csproj", "{DA49C570-6764-4152-96EA-621D27DFA75E}"
EndProject
Global
	GlobalSection(SolutionConfigurationPlatforms) = preSolution
		Debug|Any CPU = Debug|Any CPU
		Release|Any CPU = Release|Any CPU
	EndGlobalSection
	GlobalSection(ProjectConfigurationPlatforms) = postSolution
		{DA49C570-6764-4152-96EA-621D27DFA75E}.Debug|Any CPU.ActiveCfg = Debug|Any CPU
		{DA49C570-6764-4152-96EA-621D27DFA75E}.Debug|Any CPU.Build.0 = Debug|Any CPU
		{DA49C570-6764-4152-96EA-621D27DFA75E}.Release|Any CPU.ActiveCfg = Release|Any CPU
		{DA49C570-6764-4152-96EA-621D27DFA75E}.Release|Any CPU.Build.0 = Release|Any CPU
	EndGlobalSection
	GlobalSection(SolutionProperties) = preSolution
		HideSolutionNode = FALSE
	EndGlobalSection
	GlobalSection(ExtensibilityGlobals) = postSolution
		SolutionGuid = {2B146461-7D19-405E-A40C-A076DDE5548C}
	EndGlobalSection
EndGlobal
